lockfileVersion: '9.0'

settings:
  autoInstallPeers: true
  excludeLinksFromLockfile: false

catalogs:
  default:
    '@biomejs/biome':
      specifier: ^2.3.10
      version: 2.3.10
    '@biomejs/js-api':
      specifier: ^4.0.0
      version: 4.0.0
    '@biomejs/wasm-nodejs':
      specifier: ^2.4.7
      version: 2.4.7
    '@types/lodash-es':
      specifier: ^4.17.12
      version: 4.17.12
    '@types/node':
      specifier: ^22.0.0
      version: 22.19.7
    '@types/react':
      specifier: ^19.2.15
      version: 19.2.15
    '@types/react-dom':
      specifier: ^19.2.3
      version: 19.2.3
    chalk:
      specifier: ^5.6.2
      version: 5.6.2
    clipanion:
      specifier: 4.0.0-rc.4
      version: 4.0.0-rc.4
    husky:
      specifier: ^9.1.7
      version: 9.1.7
    jsonc-parser:
      specifier: ^3.3.1
      version: 3.3.1
    lint-staged:
      specifier: ^16.2.7
      version: 16.2.7
    lodash-es:
      specifier: ^4.17.12
      version: 4.17.23
    react:
      specifier: ^19.2.6
      version: 19.2.6
    react-dom:
      specifier: ^19.2.6
      version: 19.2.6
    tsx:
      specifier: ^4.21.0
      version: 4.21.0
    typanion:
      specifier: ^3.14.0
      version: 3.14.0
    typescript:
      specifier: ^5.9.3
      version: 5.9.3
    vite:
      specifier: ^8.0.14
      version: 8.0.14

importers:

  .:
    devDependencies:
      '@biomejs/biome':
        specifier: 'catalog:'
        version: 2.3.10
      '@malphite-tool/cli':
        specifier: workspace:^
        version: link:tools/cli
      '@malphite/core':
        specifier: workspace:^
        version: link:packages/frontend/core
      '@types/node':
        specifier: 'catalog:'
        version: 22.19.7
      husky:
        specifier: 'catalog:'
        version: 9.1.7
      lint-staged:
        specifier: 'catalog:'
        version: 16.2.7
      tsx:
        specifier: 'catalog:'
        version: 4.21.0
      typescript:
        specifier: 'catalog:'
        version: 5.9.3

  packages/frontend/app/web:
    dependencies:
      '@malphite/core':
        specifier: workspace:^
        version: link:../../core
      '@types/react':
        specifier: 'catalog:'
        version: 19.2.15
      '@types/react-dom':
        specifier: 'catalog:'
        version: 19.2.3(@types/react@19.2.15)
      react:
        specifier: 'catalog:'
        version: 19.2.6
      react-dom:
        specifier: 'catalog:'
        version: 19.2.6(react@19.2.6)

  packages/frontend/core:
    dependencies:
      '@types/react':
        specifier: 'catalog:'
        version: 19.2.15
      react:
        specifier: 'catalog:'
        version: 19.2.6

  tools/@types/build-config: {}

  tools/cli:
    dependencies:
      '@biomejs/js-api':
        specifier: 'catalog:'
        version: 4.0.0(@biomejs/wasm-nodejs@2.4.7)
      '@biomejs/wasm-nodejs':
        specifier: 'catalog:'
        version: 2.4.7
      '@malphite-tools/utils':
        specifier: workspace:^
        version: link:../utils
      clipanion:
        specifier: 'catalog:'
        version: 4.0.0-rc.4(typanion@3.14.0)
      jsonc-parser:
        specifier: 'catalog:'
        version: 3.3.1
      typanion:
        specifier: 'catalog:'
        version: 3.14.0
      vite:
        specifier: 'catalog:'
        version: 8.0.14(@types/node@22.19.7)(esbuild@0.27.2)(tsx@4.21.0)(yaml@2.8.2)

  tools/utils:
    dependencies:
      '@types/lodash-es':
        specifier: 'catalog:'
        version: 4.17.12
      chalk:
        specifier: 'catalog:'
        version: 5.6.2
      lodash-es:
        specifier: 'catalog:'
        version: 4.17.23

packages:

  '@biomejs/biome@2.3.10':
    resolution: {integrity: sha512-/uWSUd1MHX2fjqNLHNL6zLYWBbrJeG412/8H7ESuK8ewoRoMPUgHDebqKrPTx/5n6f17Xzqc9hdg3MEqA5hXnQ==}
    engines: {node: '>=14.21.3'}
    hasBin: true

  '@biomejs/cli-darwin-arm64@2.3.10':
    resolution: {integrity: sha512-M6xUjtCVnNGFfK7HMNKa593nb7fwNm43fq1Mt71kpLpb+4mE7odO8W/oWVDyBVO4ackhresy1ZYO7OJcVo/B7w==}
    engines: {node: '>=14.21.3'}
    cpu: [arm64]
    os: [darwin]

  '@biomejs/cli-darwin-x64@2.3.10':
    resolution: {integrity: sha512-Vae7+V6t/Avr8tVbFNjnFSTKZogZHFYl7MMH62P/J1kZtr0tyRQ9Fe0onjqjS2Ek9lmNLmZc/VR5uSekh+p1fg==}
    engines: {node: '>=14.21.3'}
    cpu: [x64]
    os: [darwin]

  '@biomejs/cli-linux-arm64-musl@2.3.10':
    resolution: {integrity: sha512-B9DszIHkuKtOH2IFeeVkQmSMVUjss9KtHaNXquYYWCjH8IstNgXgx5B0aSBQNr6mn4RcKKRQZXn9Zu1rM3O0/A==}
    engines: {node: '>=14.21.3'}
    cpu: [arm64]
    os: [linux]
    libc: [musl]

  '@biomejs/cli-linux-arm64@2.3.10':
    resolution: {integrity: sha512-hhPw2V3/EpHKsileVOFynuWiKRgFEV48cLe0eA+G2wO4SzlwEhLEB9LhlSrVeu2mtSn205W283LkX7Fh48CaxA==}
    engines: {node: '>=14.21.3'}
    cpu: [arm64]
    os: [linux]
    libc: [glibc]

  '@biomejs/cli-linux-x64-musl@2.3.10':
    resolution: {integrity: sha512-QTfHZQh62SDFdYc2nfmZFuTm5yYb4eO1zwfB+90YxUumRCR171tS1GoTX5OD0wrv4UsziMPmrePMtkTnNyYG3g==}
    engines: {node: '>=14.21.3'}
    cpu: [x64]
    os: [linux]
    libc: [musl]

  '@biomejs/cli-linux-x64@2.3.10':
    resolution: {integrity: sha512-wwAkWD1MR95u+J4LkWP74/vGz+tRrIQvr8kfMMJY8KOQ8+HMVleREOcPYsQX82S7uueco60L58Wc6M1I9WA9Dw==}
    engines: {node: '>=14.21.3'}
    cpu: [x64]
    os: [linux]
    libc: [glibc]

  '@biomejs/cli-win32-arm64@2.3.10':
    resolution: {integrity: sha512-o7lYc9n+CfRbHvkjPhm8s9FgbKdYZu5HCcGVMItLjz93EhgJ8AM44W+QckDqLA9MKDNFrR8nPbO4b73VC5kGGQ==}
    engines: {node: '>=14.21.3'}
    cpu: [arm64]
    os: [win32]

  '@biomejs/cli-win32-x64@2.3.10':
    resolution: {integrity: sha512-pHEFgq7dUEsKnqG9mx9bXihxGI49X+ar+UBrEIj3Wqj3UCZp1rNgV+OoyjFgcXsjCWpuEAF4VJdkZr3TrWdCbQ==}
    engines: {node: '>=14.21.3'}
    cpu: [x64]
    os: [win32]

  '@biomejs/js-api@4.0.0':
    resolution: {integrity: sha512-EOArR/6drRzM1/hwOIz1pZw90FL31Ud4Y7hEHGWVtMNmAwS9SrwZ8hMENGlLVXCeGW/kL46p8kX7eO6x9Nmezg==}
    peerDependencies:
      '@biomejs/wasm-bundler': ^2.3.0
      '@biomejs/wasm-nodejs': ^2.3.0
      '@biomejs/wasm-web': ^2.3.0
    peerDependenciesMeta:
      '@biomejs/wasm-bundler':
        optional: true
      '@biomejs/wasm-nodejs':
        optional: true
      '@biomejs/wasm-web':
        optional: true

  '@biomejs/wasm-nodejs@2.4.7':
    resolution: {integrity: sha512-oCbBK3q3c7syIuxmLFlKG7AC13yKSRkpKQpedrsluX/4J1aWANlF44sbMsONkT8flRa6gOUYlBa5yhDcLF8mrw==}

  '@emnapi/core@1.10.0':
    resolution: {integrity: sha512-yq6OkJ4p82CAfPl0u9mQebQHKPJkY7WrIuk205cTYnYe+k2Z8YBh11FrbRG/H6ihirqcacOgl2BIO8oyMQLeXw==}

  '@emnapi/runtime@1.10.0':
    resolution: {integrity: sha512-ewvYlk86xUoGI0zQRNq/mC+16R1QeDlKQy21Ki3oSYXNgLb45GV1P6A0M+/s6nyCuNDqe5VpaY84BzXGwVbwFA==}

  '@emnapi/wasi-threads@1.2.1':
    resolution: {integrity: sha512-uTII7OYF+/Mes/MrcIOYp5yOtSMLBWSIoLPpcgwipoiKbli6k322tcoFsxoIIxPDqW01SQGAgko4EzZi2BNv2w==}

  '@esbuild/aix-ppc64@0.27.2':
    resolution: {integrity: sha512-GZMB+a0mOMZs4MpDbj8RJp4cw+w1WV5NYD6xzgvzUJ5Ek2jerwfO2eADyI6ExDSUED+1X8aMbegahsJi+8mgpw==}
    engines: {node: '>=18'}
    cpu: [ppc64]
    os: [aix]

  '@esbuild/android-arm64@0.27.2':
    resolution: {integrity: sha512-pvz8ZZ7ot/RBphf8fv60ljmaoydPU12VuXHImtAs0XhLLw+EXBi2BLe3OYSBslR4rryHvweW5gmkKFwTiFy6KA==}
    engines: {node: '>=18'}
    cpu: [arm64]
    os: [android]

  '@esbuild/android-arm@0.27.2':
    resolution: {integrity: sha512-DVNI8jlPa7Ujbr1yjU2PfUSRtAUZPG9I1RwW4F4xFB1Imiu2on0ADiI/c3td+KmDtVKNbi+nffGDQMfcIMkwIA==}
    engines: {node: '>=18'}
    cpu: [arm]
    os: [android]

  '@esbuild/android-x64@0.27.2':
    resolution: {integrity: sha512-z8Ank4Byh4TJJOh4wpz8g2vDy75zFL0TlZlkUkEwYXuPSgX8yzep596n6mT7905kA9uHZsf/o2OJZubl2l3M7A==}
    engines: {node: '>=18'}
    cpu: [x64]
    os: [android]

  '@esbuild/darwin-arm64@0.27.2':
    resolution: {integrity: sha512-davCD2Zc80nzDVRwXTcQP/28fiJbcOwvdolL0sOiOsbwBa72kegmVU0Wrh1MYrbuCL98Omp5dVhQFWRKR2ZAlg==}
    engines: {node: '>=18'}
    cpu: [arm64]
    os: [darwin]

  '@esbuild/darwin-x64@0.27.2':
    resolution: {integrity: sha512-ZxtijOmlQCBWGwbVmwOF/UCzuGIbUkqB1faQRf5akQmxRJ1ujusWsb3CVfk/9iZKr2L5SMU5wPBi1UWbvL+VQA==}
    engines: {node: '>=18'}
    cpu: [x64]
    os: [darwin]

  '@esbuild/freebsd-arm64@0.27.2':
    resolution: {integrity: sha512-lS/9CN+rgqQ9czogxlMcBMGd+l8Q3Nj1MFQwBZJyoEKI50XGxwuzznYdwcav6lpOGv5BqaZXqvBSiB/kJ5op+g==}
    engines: {node: '>=18'}
    cpu: [arm64]
    os: [freebsd]

  '@esbuild/freebsd-x64@0.27.2':
    resolution: {integrity: sha512-tAfqtNYb4YgPnJlEFu4c212HYjQWSO/w/h/lQaBK7RbwGIkBOuNKQI9tqWzx7Wtp7bTPaGC6MJvWI608P3wXYA==}
    engines: {node: '>=18'}
    cpu: [x64]
    os: [freebsd]

  '@esbuild/linux-arm64@0.27.2':
    resolution: {integrity: sha512-hYxN8pr66NsCCiRFkHUAsxylNOcAQaxSSkHMMjcpx0si13t1LHFphxJZUiGwojB1a/Hd5OiPIqDdXONia6bhTw==}
    engines: {node: '>=18'}
    cpu: [arm64]
    os: [linux]

  '@esbuild/linux-arm@0.27.2':
    resolution: {integrity: sha512-vWfq4GaIMP9AIe4yj1ZUW18RDhx6EPQKjwe7n8BbIecFtCQG4CfHGaHuh7fdfq+y3LIA2vGS/o9ZBGVxIDi9hw==}
    engines: {node: '>=18'}
    cpu: [arm]
    os: [linux]

  '@esbuild/linux-ia32@0.27.2':
    resolution: {integrity: sha512-MJt5BRRSScPDwG2hLelYhAAKh9imjHK5+NE/tvnRLbIqUWa+0E9N4WNMjmp/kXXPHZGqPLxggwVhz7QP8CTR8w==}
    engines: {node: '>=18'}
    cpu: [ia32]
    os: [linux]

  '@esbuild/linux-loong64@0.27.2':
    resolution: {integrity: sha512-lugyF1atnAT463aO6KPshVCJK5NgRnU4yb3FUumyVz+cGvZbontBgzeGFO1nF+dPueHD367a2ZXe1NtUkAjOtg==}
    engines: {node: '>=18'}
    cpu: [loong64]
    os: [linux]

  '@esbuild/linux-mips64el@0.27.2':
    resolution: {integrity: sha512-nlP2I6ArEBewvJ2gjrrkESEZkB5mIoaTswuqNFRv/WYd+ATtUpe9Y09RnJvgvdag7he0OWgEZWhviS1OTOKixw==}
    engines: {node: '>=18'}
    cpu: [mips64el]
    os: [linux]

  '@esbuild/linux-ppc64@0.27.2':
    resolution: {integrity: sha512-C92gnpey7tUQONqg1n6dKVbx3vphKtTHJaNG2Ok9lGwbZil6DrfyecMsp9CrmXGQJmZ7iiVXvvZH6Ml5hL6XdQ==}
    engines: {node: '>=18'}
    cpu: [ppc64]
    os: [linux]

  '@esbuild/linux-riscv64@0.27.2':
    resolution: {integrity: sha512-B5BOmojNtUyN8AXlK0QJyvjEZkWwy/FKvakkTDCziX95AowLZKR6aCDhG7LeF7uMCXEJqwa8Bejz5LTPYm8AvA==}
    engines: {node: '>=18'}
    cpu: [riscv64]
    os: [linux]

  '@esbuild/linux-s390x@0.27.2':
    resolution: {integrity: sha512-p4bm9+wsPwup5Z8f4EpfN63qNagQ47Ua2znaqGH6bqLlmJ4bx97Y9JdqxgGZ6Y8xVTixUnEkoKSHcpRlDnNr5w==}
    engines: {node: '>=18'}
    cpu: [s390x]
    os: [linux]

  '@esbuild/linux-x64@0.27.2':
    resolution: {integrity: sha512-uwp2Tip5aPmH+NRUwTcfLb+W32WXjpFejTIOWZFw/v7/KnpCDKG66u4DLcurQpiYTiYwQ9B7KOeMJvLCu/OvbA==}
    engines: {node: '>=18'}
    cpu: [x64]
    os: [linux]

  '@esbuild/netbsd-arm64@0.27.2':
    resolution: {integrity: sha512-Kj6DiBlwXrPsCRDeRvGAUb/LNrBASrfqAIok+xB0LxK8CHqxZ037viF13ugfsIpePH93mX7xfJp97cyDuTZ3cw==}
    engines: {node: '>=18'}
    cpu: [arm64]
    os: [netbsd]

  '@esbuild/netbsd-x64@0.27.2':
    resolution: {integrity: sha512-HwGDZ0VLVBY3Y+Nw0JexZy9o/nUAWq9MlV7cahpaXKW6TOzfVno3y3/M8Ga8u8Yr7GldLOov27xiCnqRZf0tCA==}
    engines: {node: '>=18'}
    cpu: [x64]
    os: [netbsd]

  '@esbuild/openbsd-arm64@0.27.2':
    resolution: {integrity: sha512-DNIHH2BPQ5551A7oSHD0CKbwIA/Ox7+78/AWkbS5QoRzaqlev2uFayfSxq68EkonB+IKjiuxBFoV8ESJy8bOHA==}
    engines: {node: '>=18'}
    cpu: [arm64]
    os: [openbsd]

  '@esbuild/openbsd-x64@0.27.2':
    resolution: {integrity: sha512-/it7w9Nb7+0KFIzjalNJVR5bOzA9Vay+yIPLVHfIQYG/j+j9VTH84aNB8ExGKPU4AzfaEvN9/V4HV+F+vo8OEg==}
    engines: {node: '>=18'}
    cpu: [x64]
    os: [openbsd]

  '@esbuild/openharmony-arm64@0.27.2':
    resolution: {integrity: sha512-LRBbCmiU51IXfeXk59csuX/aSaToeG7w48nMwA6049Y4J4+VbWALAuXcs+qcD04rHDuSCSRKdmY63sruDS5qag==}
    engines: {node: '>=18'}
    cpu: [arm64]
    os: [openharmony]

  '@esbuild/sunos-x64@0.27.2':
    resolution: {integrity: sha512-kMtx1yqJHTmqaqHPAzKCAkDaKsffmXkPHThSfRwZGyuqyIeBvf08KSsYXl+abf5HDAPMJIPnbBfXvP2ZC2TfHg==}
    engines: {node: '>=18'}
    cpu: [x64]
    os: [sunos]

  '@esbuild/win32-arm64@0.27.2':
    resolution: {integrity: sha512-Yaf78O/B3Kkh+nKABUF++bvJv5Ijoy9AN1ww904rOXZFLWVc5OLOfL56W+C8F9xn5JQZa3UX6m+IktJnIb1Jjg==}
    engines: {node: '>=18'}
    cpu: [arm64]
    os: [win32]

  '@esbuild/win32-ia32@0.27.2':
    resolution: {integrity: sha512-Iuws0kxo4yusk7sw70Xa2E2imZU5HoixzxfGCdxwBdhiDgt9vX9VUCBhqcwY7/uh//78A1hMkkROMJq9l27oLQ==}
    engines: {node: '>=18'}
    cpu: [ia32]
    os: [win32]

  '@esbuild/win32-x64@0.27.2':
    resolution: {integrity: sha512-sRdU18mcKf7F+YgheI/zGf5alZatMUTKj/jNS6l744f9u3WFu4v7twcUI9vu4mknF4Y9aDlblIie0IM+5xxaqQ==}
    engines: {node: '>=18'}
    cpu: [x64]
    os: [win32]

  '@napi-rs/wasm-runtime@1.1.4':
    resolution: {integrity: sha512-3NQNNgA1YSlJb/kMH1ildASP9HW7/7kYnRI2szWJaofaS1hWmbGI4H+d3+22aGzXXN9IJ+n+GiFVcGipJP18ow==}
    peerDependencies:
      '@emnapi/core': ^1.7.1
      '@emnapi/runtime': ^1.7.1

  '@oxc-project/types@0.132.0':
    resolution: {integrity: sha512-FESMOxil5Se014ui/Eq8fT5uHJo6nIRwH0PfJrZJXs6Gek3ZVFOrpUv3YIZT20m+extU98Hg1Ym72U58rlsxUQ==}

  '@rolldown/binding-android-arm64@1.0.2':
    resolution: {integrity: sha512-ZS4D1JPGn/MYQN/SYDWftIE/nVsM8j/AFOYEzAoOE2O3NktQOZru+/vYXGbR/qtdLdIfGCP0lcoJiYVzsEz+iQ==}
    engines: {node: ^20.19.0 || >=22.12.0}
    cpu: [arm64]
    os: [android]

  '@rolldown/binding-darwin-arm64@1.0.2':
    resolution: {integrity: sha512-vdFA9+C/rekyGce7WqHs/xoT0ioZEWaOFyZLIV1mEeNFaFDUQrPIo8Vs2GvJ6eetb3rzDUtUBgzto3ExpXJB3w==}
    engines: {node: ^20.19.0 || >=22.12.0}
    cpu: [arm64]
    os: [darwin]

  '@rolldown/binding-darwin-x64@1.0.2':
    resolution: {integrity: sha512-BewSOwTHazv77DTYiAZXSqqKZ4KP/KonFisDMVU7PImxoWfB2aepnPhd2E4SWz3zDzYgDNbs6jBmTdgNnF02GA==}
    engines: {node: ^20.19.0 || >=22.12.0}
    cpu: [x64]
    os: [darwin]

  '@rolldown/binding-freebsd-x64@1.0.2':
    resolution: {integrity: sha512-m41o7M0YWtUdqk61Tb+jnKb2rN++iRdIASlExkUoKfIAH30DOHCB8fVLzSUpbWHHU8esmEioY62PxzexE8MBuA==}
    engines: {node: ^20.19.0 || >=22.12.0}
    cpu: [x64]
    os: [freebsd]

  '@rolldown/binding-linux-arm-gnueabihf@1.0.2':
    resolution: {integrity: sha512-jcojB9H7W/jS29pMKWAK1N+fU99vXodHDTatS3b3y/XSOCiHo0kkA74pL3jJmkoQtYpOCxDvaKs1fo2Ij/1X5w==}
    engines: {node: ^20.19.0 || >=22.12.0}
    cpu: [arm]
    os: [linux]

  '@rolldown/binding-linux-arm64-gnu@1.0.2':
    resolution: {integrity: sha512-1jn6qDU5iiOgFgygDzKUuKP0maTi0/f1+sBLgvij/76C77Nm3ts6ufz9Bjg5q5dduxiUIxtq86JIoBvo1xQ4Ig==}
    engines: {node: ^20.19.0 || >=22.12.0}
    cpu: [arm64]
    os: [linux]
    libc: [glibc]

  '@rolldown/binding-linux-arm64-musl@1.0.2':
    resolution: {integrity: sha512-QVLO/czFMdoMFSqlX3bcswcJNm/23r+qoa/jgtmFc/qEp6/jXmIkDjF/XIo8dPfGaiwy1xfQn8o77L79GeXFgw==}
    engines: {node: ^20.19.0 || >=22.12.0}
    cpu: [arm64]
    os: [linux]
    libc: [musl]

  '@rolldown/binding-linux-ppc64-gnu@1.0.2':
    resolution: {integrity: sha512-hgO5Abm0w5UL6FEa2iFnZqo2KlK7TQ5QhV5x09hujBf7t5KzHQ1VmfPuTpqRy/rNlSxua3eWH374xxiVrP+lcA==}
    engines: {node: ^20.19.0 || >=22.12.0}
    cpu: [ppc64]
    os: [linux]
    libc: [glibc]

  '@rolldown/binding-linux-s390x-gnu@1.0.2':
    resolution: {integrity: sha512-fy8rXxuYEu602abC8MUNaPjYLIFzReOaEIEMKMUa0rFEUxNpVXhs15KSSQ4qlqSaM7B6rcj9rDZgADh/IGDzLQ==}
    engines: {node: ^20.19.0 || >=22.12.0}
    cpu: [s390x]
    os: [linux]
    libc: [glibc]

  '@rolldown/binding-linux-x64-gnu@1.0.2':
    resolution: {integrity: sha512-0+bOkiQ779+r1WpoHOWHqncvyySci0vKph+myNDYb+im6meJAzHQXay6oEgnkHuUGouM1LKTZwqKpBow6Kj7CQ==}
    engines: {node: ^20.19.0 || >=22.12.0}
    cpu: [x64]
    os: [linux]
    libc: [glibc]

  '@rolldown/binding-linux-x64-musl@1.0.2':
    resolution: {integrity: sha512-mjSkrzZK5Qsl0a9d1JgILOiuZOSDTVdKENcSXBoqbzSrspLR/4/IRVDo5wd2GgZjNss/viBFJdeq+j7qH2nypw==}
    engines: {node: ^20.19.0 || >=22.12.0}
    cpu: [x64]
    os: [linux]
    libc: [musl]

  '@rolldown/binding-openharmony-arm64@1.0.2':
    resolution: {integrity: sha512-1v5vHasdfQAZoEHakBV72LIFAC9JjnymsiKxp+GEr/ma3+NJCPSaYK+qavInOovJkgwFrs7GccX2d6IgDA3Z5w==}
    engines: {node: ^20.19.0 || >=22.12.0}
    cpu: [arm64]
    os: [openharmony]

  '@rolldown/binding-wasm32-wasi@1.0.2':
    resolution: {integrity: sha512-mb1VobWn6NheziTk5/WEaR6AKVbrwT5sOi6C7zk3gy/pD1qtJfU1j4PgTo2NJnOtbL9Dl3Aeei8w9jJ7qC2jZQ==}
    engines: {node: ^20.19.0 || >=22.12.0}
    cpu: [wasm32]

  '@rolldown/binding-win32-arm64-msvc@1.0.2':
    resolution: {integrity: sha512-SqKonF56vA/L2yHwHYcEp2P34URpOZ7d1fS635cTkpDnUtEGdUbhI6NzsPdqeSWvAAeGDrxjWjNmibDIdFf9/A==}
    engines: {node: ^20.19.0 || >=22.12.0}
    cpu: [arm64]
    os: [win32]

  '@rolldown/binding-win32-x64-msvc@1.0.2':
    resolution: {integrity: sha512-v7qRI7gXLRINcOGXt+7YmAZ6iFuyZVMIoXAxhd8oP+DR9dLfL9GfNIx7PLMxmhZdvq8waUJBQiWN9EKNy+TRBQ==}
    engines: {node: ^20.19.0 || >=22.12.0}
    cpu: [x64]
    os: [win32]

  '@rolldown/pluginutils@1.0.1':
    resolution: {integrity: sha512-2j9bGt5Jh8hj+vPtgzPtl72j0yRxHAyumoo6TNfAjsLB04UtpSvPbPcDcBMxz7n+9CYB0c1GxQFxYRg2jimqGw==}

  '@tybys/wasm-util@0.10.2':
    resolution: {integrity: sha512-RoBvJ2X0wuKlWFIjrwffGw1IqZHKQqzIchKaadZZfnNpsAYp2mM0h36JtPCjNDAHGgYez/15uMBpfGwchhiMgg==}

  '@types/lodash-es@4.17.12':
    resolution: {integrity: sha512-0NgftHUcV4v34VhXm8QBSftKVXtbkBG3ViCjs6+eJ5a6y6Mi/jiFGPc1sC7QK+9BFhWrURE3EOggmWaSxL9OzQ==}

  '@types/lodash@4.17.24':
    resolution: {integrity: sha512-gIW7lQLZbue7lRSWEFql49QJJWThrTFFeIMJdp3eH4tKoxm1OvEPg02rm4wCCSHS0cL3/Fizimb35b7k8atwsQ==}

  '@types/node@22.19.7':
    resolution: {integrity: sha512-MciR4AKGHWl7xwxkBa6xUGxQJ4VBOmPTF7sL+iGzuahOFaO0jHCsuEfS80pan1ef4gWId1oWOweIhrDEYLuaOw==}

  '@types/react-dom@19.2.3':
    resolution: {integrity: sha512-jp2L/eY6fn+KgVVQAOqYItbF0VY/YApe5Mz2F0aykSO8gx31bYCZyvSeYxCHKvzHG5eZjc+zyaS5BrBWya2+kQ==}
    peerDependencies:
      '@types/react': ^19.2.0

  '@types/react@19.2.15':
    resolution: {integrity: sha512-eRwcGNHve+E8qtEQSSRl6urh+rFop4v8gm6O8rGv25CodbvFdLjA1vVQ1KkiFE0w0UPOnb8tDiFKL5lp0rtY5Q==}

  ansi-escapes@7.2.0:
    resolution: {integrity: sha512-g6LhBsl+GBPRWGWsBtutpzBYuIIdBkLEvad5C/va/74Db018+5TZiyA26cZJAr3Rft5lprVqOIPxf5Vid6tqAw==}
    engines: {node: '>=18'}

  ansi-regex@6.2.2:
    resolution: {integrity: sha512-Bq3SmSpyFHaWjPk8If9yc6svM8c56dB5BAtW4Qbw5jHTwwXXcTLoRMkpDJp6VL0XzlWaCHTXrkFURMYmD0sLqg==}
    engines: {node: '>=12'}

  ansi-styles@6.2.3:
    resolution: {integrity: sha512-4Dj6M28JB+oAH8kFkTLUo+a2jwOFkuqb3yucU0CANcRRUbxS0cP0nZYCGjcc3BNXwRIsUVmDGgzawme7zvJHvg==}
    engines: {node: '>=12'}

  braces@3.0.3:
    resolution: {integrity: sha512-yQbXgO/OSZVD2IsiLlro+7Hf6Q18EJrKSEsdoMzKePKXct3gvD8oLcOQdIzGupr5Fj+EDe8gO/lxc1BzfMpxvA==}
    engines: {node: '>=8'}

  chalk@5.6.2:
    resolution: {integrity: sha512-7NzBL0rN6fMUW+f7A6Io4h40qQlG+xGmtMxfbnH/K7TAtt8JQWVQK+6g0UXKMeVJoyV5EkkNsErQ8pVD3bLHbA==}
    engines: {node: ^12.17.0 || ^14.13 || >=16.0.0}

  cli-cursor@5.0.0:
    resolution: {integrity: sha512-aCj4O5wKyszjMmDT4tZj93kxyydN/K5zPWSCe6/0AV/AA1pqe5ZBIw0a2ZfPQV7lL5/yb5HsUreJ6UFAF1tEQw==}
    engines: {node: '>=18'}

  cli-truncate@5.1.1:
    resolution: {integrity: sha512-SroPvNHxUnk+vIW/dOSfNqdy1sPEFkrTk6TUtqLCnBlo3N7TNYYkzzN7uSD6+jVjrdO4+p8nH7JzH6cIvUem6A==}
    engines: {node: '>=20'}

  clipanion@4.0.0-rc.4:
    resolution: {integrity: sha512-CXkMQxU6s9GklO/1f714dkKBMu1lopS1WFF0B8o4AxPykR1hpozxSiUZ5ZUeBjfPgCWqbcNOtZVFhB8Lkfp1+Q==}
    peerDependencies:
      typanion: '*'

  colorette@2.0.20:
    resolution: {integrity: sha512-IfEDxwoWIjkeXL1eXcDiow4UbKjhLdq6/EuSVR9GMN7KVH3r9gQ83e73hsz1Nd1T3ijd5xv1wcWRYO+D6kCI2w==}

  commander@14.0.2:
    resolution: {integrity: sha512-TywoWNNRbhoD0BXs1P3ZEScW8W5iKrnbithIl0YH+uCmBd0QpPOA8yc82DS3BIE5Ma6FnBVUsJ7wVUDz4dvOWQ==}
    engines: {node: '>=20'}

  csstype@3.2.3:
    resolution: {integrity: sha512-z1HGKcYy2xA8AGQfwrn0PAy+PB7X/GSj3UVJW9qKyn43xWa+gl5nXmU4qqLMRzWVLFC8KusUX8T/0kCiOYpAIQ==}

  detect-libc@2.1.2:
    resolution: {integrity: sha512-Btj2BOOO83o3WyH59e8MgXsxEQVcarkUOpEYrubB0urwnN10yQ364rsiByU11nZlqWYZm05i/of7io4mzihBtQ==}
    engines: {node: '>=8'}

  emoji-regex@10.6.0:
    resolution: {integrity: sha512-toUI84YS5YmxW219erniWD0CIVOo46xGKColeNQRgOzDorgBi1v4D71/OFzgD9GO2UGKIv1C3Sp8DAn0+j5w7A==}

  environment@1.1.0:
    resolution: {integrity: sha512-xUtoPkMggbz0MPyPiIWr1Kp4aeWJjDZ6SMvURhimjdZgsRuDplF5/s9hcgGhyXMhs+6vpnuoiZ2kFiu3FMnS8Q==}
    engines: {node: '>=18'}

  esbuild@0.27.2:
    resolution: {integrity: sha512-HyNQImnsOC7X9PMNaCIeAm4ISCQXs5a5YasTXVliKv4uuBo1dKrG0A+uQS8M5eXjVMnLg3WgXaKvprHlFJQffw==}
    engines: {node: '>=18'}
    hasBin: true

  eventemitter3@5.0.1:
    resolution: {integrity: sha512-GWkBvjiSZK87ELrYOSESUYeVIc9mvLLf/nXalMOS5dYrgZq9o5OVkbZAVM06CVxYsCwH9BDZFPlQTlPA1j4ahA==}

  fdir@6.5.0:
    resolution: {integrity: sha512-tIbYtZbucOs0BRGqPJkshJUYdL+SDH7dVM8gjy+ERp3WAUjLEFJE+02kanyHtwjWOnwrKYBiwAmM0p4kLJAnXg==}
    engines: {node: '>=12.0.0'}
    peerDependencies:
      picomatch: ^3 || ^4
    peerDependenciesMeta:
      picomatch:
        optional: true

  fill-range@7.1.1:
    resolution: {integrity: sha512-YsGpe3WHLK8ZYi4tWDg2Jy3ebRz2rXowDxnld4bkQB00cc/1Zw9AWnC0i9ztDJitivtQvaI9KaLyKrc+hBW0yg==}
    engines: {node: '>=8'}

  fsevents@2.3.3:
    resolution: {integrity: sha512-5xoDfX+fL7faATnagmWPpbFtwh/R77WmMMqqHGS65C3vvB0YHrgF+B1YmZ3441tMj5n63k0212XNoJwzlhffQw==}
    engines: {node: ^8.16.0 || ^10.6.0 || >=11.0.0}
    os: [darwin]

  get-east-asian-width@1.4.0:
    resolution: {integrity: sha512-QZjmEOC+IT1uk6Rx0sX22V6uHWVwbdbxf1faPqJ1QhLdGgsRGCZoyaQBm/piRdJy/D2um6hM1UP7ZEeQ4EkP+Q==}
    engines: {node: '>=18'}

  get-tsconfig@4.13.0:
    resolution: {integrity: sha512-1VKTZJCwBrvbd+Wn3AOgQP/2Av+TfTCOlE4AcRJE72W1ksZXbAx8PPBR9RzgTeSPzlPMHrbANMH3LbltH73wxQ==}

  husky@9.1.7:
    resolution: {integrity: sha512-5gs5ytaNjBrh5Ow3zrvdUUY+0VxIuWVL4i9irt6friV+BqdCfmV11CQTWMiBYWHbXhco+J1kHfTOUkePhCDvMA==}
    engines: {node: '>=18'}
    hasBin: true

  is-fullwidth-code-point@5.1.0:
    resolution: {integrity: sha512-5XHYaSyiqADb4RnZ1Bdad6cPp8Toise4TzEjcOYDHZkTCbKgiUl7WTUCpNWHuxmDt91wnsZBc9xinNzopv3JMQ==}
    engines: {node: '>=18'}

  is-number@7.0.0:
    resolution: {integrity: sha512-41Cifkg6e8TylSpdtTpeLVMqvSBEVzTttHvERD741+pnZ8ANv0004MRL43QKPDlK9cGvNp6NZWZUBlbGXYxxng==}
    engines: {node: '>=0.12.0'}

  jsonc-parser@3.3.1:
    resolution: {integrity: sha512-HUgH65KyejrUFPvHFPbqOY0rsFip3Bo5wb4ngvdi1EpCYWUQDC5V+Y7mZws+DLkr4M//zQJoanu1SP+87Dv1oQ==}

  lightningcss-android-arm64@1.32.0:
    resolution: {integrity: sha512-YK7/ClTt4kAK0vo6w3X+Pnm0D2cf2vPHbhOXdoNti1Ga0al1P4TBZhwjATvjNwLEBCnKvjJc2jQgHXH0NEwlAg==}
    engines: {node: '>= 12.0.0'}
    cpu: [arm64]
    os: [android]

  lightningcss-darwin-arm64@1.32.0:
    resolution: {integrity: sha512-RzeG9Ju5bag2Bv1/lwlVJvBE3q6TtXskdZLLCyfg5pt+HLz9BqlICO7LZM7VHNTTn/5PRhHFBSjk5lc4cmscPQ==}
    engines: {node: '>= 12.0.0'}
    cpu: [arm64]
    os: [darwin]

  lightningcss-darwin-x64@1.32.0:
    resolution: {integrity: sha512-U+QsBp2m/s2wqpUYT/6wnlagdZbtZdndSmut/NJqlCcMLTWp5muCrID+K5UJ6jqD2BFshejCYXniPDbNh73V8w==}
    engines: {node: '>= 12.0.0'}
    cpu: [x64]
    os: [darwin]

  lightningcss-freebsd-x64@1.32.0:
    resolution: {integrity: sha512-JCTigedEksZk3tHTTthnMdVfGf61Fky8Ji2E4YjUTEQX14xiy/lTzXnu1vwiZe3bYe0q+SpsSH/CTeDXK6WHig==}
    engines: {node: '>= 12.0.0'}
    cpu: [x64]
    os: [freebsd]

  lightningcss-linux-arm-gnueabihf@1.32.0:
    resolution: {integrity: sha512-x6rnnpRa2GL0zQOkt6rts3YDPzduLpWvwAF6EMhXFVZXD4tPrBkEFqzGowzCsIWsPjqSK+tyNEODUBXeeVHSkw==}
    engines: {node: '>= 12.0.0'}
    cpu: [arm]
    os: [linux]

  lightningcss-linux-arm64-gnu@1.32.0:
    resolution: {integrity: sha512-0nnMyoyOLRJXfbMOilaSRcLH3Jw5z9HDNGfT/gwCPgaDjnx0i8w7vBzFLFR1f6CMLKF8gVbebmkUN3fa/kQJpQ==}
    engines: {node: '>= 12.0.0'}
    cpu: [arm64]
    os: [linux]
    libc: [glibc]

  lightningcss-linux-arm64-musl@1.32.0:
    resolution: {integrity: sha512-UpQkoenr4UJEzgVIYpI80lDFvRmPVg6oqboNHfoH4CQIfNA+HOrZ7Mo7KZP02dC6LjghPQJeBsvXhJod/wnIBg==}
    engines: {node: '>= 12.0.0'}
    cpu: [arm64]
    os: [linux]
    libc: [musl]

  lightningcss-linux-x64-gnu@1.32.0:
    resolution: {integrity: sha512-V7Qr52IhZmdKPVr+Vtw8o+WLsQJYCTd8loIfpDaMRWGUZfBOYEJeyJIkqGIDMZPwPx24pUMfwSxxI8phr/MbOA==}
    engines: {node: '>= 12.0.0'}
    cpu: [x64]
    os: [linux]
    libc: [glibc]

  lightningcss-linux-x64-musl@1.32.0:
    resolution: {integrity: sha512-bYcLp+Vb0awsiXg/80uCRezCYHNg1/l3mt0gzHnWV9XP1W5sKa5/TCdGWaR/zBM2PeF/HbsQv/j2URNOiVuxWg==}
    engines: {node: '>= 12.0.0'}
    cpu: [x64]
    os: [linux]
    libc: [musl]

  lightningcss-win32-arm64-msvc@1.32.0:
    resolution: {integrity: sha512-8SbC8BR40pS6baCM8sbtYDSwEVQd4JlFTOlaD3gWGHfThTcABnNDBda6eTZeqbofalIJhFx0qKzgHJmcPTnGdw==}
    engines: {node: '>= 12.0.0'}
    cpu: [arm64]
    os: [win32]

  lightningcss-win32-x64-msvc@1.32.0:
    resolution: {integrity: sha512-Amq9B/SoZYdDi1kFrojnoqPLxYhQ4Wo5XiL8EVJrVsB8ARoC1PWW6VGtT0WKCemjy8aC+louJnjS7U18x3b06Q==}
    engines: {node: '>= 12.0.0'}
    cpu: [x64]
    os: [win32]

  lightningcss@1.32.0:
    resolution: {integrity: sha512-NXYBzinNrblfraPGyrbPoD19C1h9lfI/1mzgWYvXUTe414Gz/X1FD2XBZSZM7rRTrMA8JL3OtAaGifrIKhQ5yQ==}
    engines: {node: '>= 12.0.0'}

  lint-staged@16.2.7:
    resolution: {integrity: sha512-lDIj4RnYmK7/kXMya+qJsmkRFkGolciXjrsZ6PC25GdTfWOAWetR0ZbsNXRAj1EHHImRSalc+whZFg56F5DVow==}
    engines: {node: '>=20.17'}
    hasBin: true

  listr2@9.0.5:
    resolution: {integrity: sha512-ME4Fb83LgEgwNw96RKNvKV4VTLuXfoKudAmm2lP8Kk87KaMK0/Xrx/aAkMWmT8mDb+3MlFDspfbCs7adjRxA2g==}
    engines: {node: '>=20.0.0'}

  lodash-es@4.17.23:
    resolution: {integrity: sha512-kVI48u3PZr38HdYz98UmfPnXl2DXrpdctLrFLCd3kOx1xUkOmpFPx7gCWWM5MPkL/fD8zb+Ph0QzjGFs4+hHWg==}

  log-update@6.1.0:
    resolution: {integrity: sha512-9ie8ItPR6tjY5uYJh8K/Zrv/RMZ5VOlOWvtZdEHYSTFKZfIBPQa9tOAEeAWhd+AnIneLJ22w5fjOYtoutpWq5w==}
    engines: {node: '>=18'}

  micromatch@4.0.8:
    resolution: {integrity: sha512-PXwfBhYu0hBCPw8Dn0E+WDYb7af3dSLVWKi3HGv84IdF4TyFoC0ysxFd0Goxw7nSv4T/PzEJQxsYsEiFCKo2BA==}
    engines: {node: '>=8.6'}

  mimic-function@5.0.1:
    resolution: {integrity: sha512-VP79XUPxV2CigYP3jWwAUFSku2aKqBH7uTAapFWCBqutsbmDo96KY5o8uh6U+/YSIn5OxJnXp73beVkpqMIGhA==}
    engines: {node: '>=18'}

  nano-spawn@2.0.0:
    resolution: {integrity: sha512-tacvGzUY5o2D8CBh2rrwxyNojUsZNU2zjNTzKQrkgGJQTbGAfArVWXSKMBokBeeg6C7OLRGUEyoFlYbfeWQIqw==}
    engines: {node: '>=20.17'}

  nanoid@3.3.12:
    resolution: {integrity: sha512-ZB9RH/39qpq5Vu6Y+NmUaFhQR6pp+M2Xt76XBnEwDaGcVAqhlvxrl3B2bKS5D3NH3QR76v3aSrKaF/Kiy7lEtQ==}
    engines: {node: ^10 || ^12 || ^13.7 || ^14 || >=15.0.1}
    hasBin: true

  onetime@7.0.0:
    resolution: {integrity: sha512-VXJjc87FScF88uafS3JllDgvAm+c/Slfz06lorj2uAY34rlUu0Nt+v8wreiImcrgAjjIHp1rXpTDlLOGw29WwQ==}
    engines: {node: '>=18'}

  picocolors@1.1.1:
    resolution: {integrity: sha512-xceH2snhtb5M9liqDsmEw56le376mTZkEX/jEb/RxNFyegNul7eNslCXP9FDj/Lcu0X8KEyMceP2ntpaHrDEVA==}

  picomatch@2.3.1:
    resolution: {integrity: sha512-JU3teHTNjmE2VCGFzuY8EXzCDVwEqB2a8fsIvwaStHhAWJEeVd1o1QD80CU6+ZdEXXSLbSsuLwJjkCBWqRQUVA==}
    engines: {node: '>=8.6'}

  picomatch@4.0.4:
    resolution: {integrity: sha512-QP88BAKvMam/3NxH6vj2o21R6MjxZUAd6nlwAS/pnGvN9IVLocLHxGYIzFhg6fUQ+5th6P4dv4eW9jX3DSIj7A==}
    engines: {node: '>=12'}

  pidtree@0.6.0:
    resolution: {integrity: sha512-eG2dWTVw5bzqGRztnHExczNxt5VGsE6OwTeCG3fdUf9KBsZzO3R5OIIIzWR+iZA0NtZ+RDVdaoE2dK1cn6jH4g==}
    engines: {node: '>=0.10'}
    hasBin: true

  postcss@8.5.15:
    resolution: {integrity: sha512-FfR8sjd4em2T6fb3I2MwAJU7HWVMr9zba+enmQeeWFfCbm+UOC/0X4DS8XtpUTMwWMGbjKYP7xjfNekzyGmB3A==}
    engines: {node: ^10 || ^12 || >=14}

  react-dom@19.2.6:
    resolution: {integrity: sha512-0prMI+hvBbPjsWnxDLxlCGyM8PN6UuWjEUCYmZhO67xIV9Xasa/r/vDnq+Xyq4Lo27g8QSbO5YzARu0D1Sps3g==}
    peerDependencies:
      react: ^19.2.6

  react@19.2.6:
    resolution: {integrity: sha512-sfWGGfavi0xr8Pg0sVsyHMAOziVYKgPLNrS7ig+ivMNb3wbCBw3KxtflsGBAwD3gYQlE/AEZsTLgToRrSCjb0Q==}
    engines: {node: '>=0.10.0'}

  resolve-pkg-maps@1.0.0:
    resolution: {integrity: sha512-seS2Tj26TBVOC2NIc2rOe2y2ZO7efxITtLZcGSOnHHNOQ7CkiUBfw0Iw2ck6xkIhPwLhKNLS8BO+hEpngQlqzw==}

  restore-cursor@5.1.0:
    resolution: {integrity: sha512-oMA2dcrw6u0YfxJQXm342bFKX/E4sG9rbTzO9ptUcR/e8A33cHuvStiYOwH7fszkZlZ1z/ta9AAoPk2F4qIOHA==}
    engines: {node: '>=18'}

  rfdc@1.4.1:
    resolution: {integrity: sha512-q1b3N5QkRUWUl7iyylaaj3kOpIT0N2i9MqIEQXP73GVsN9cw3fdx8X63cEmWhJGi2PPCF23Ijp7ktmd39rawIA==}

  rolldown@1.0.2:
    resolution: {integrity: sha512-oZx5zVDtVB44AW3eaifgDml1gWRDZGvjcfdxonE4swNPG98PrrXjaO/KrnUjzlMnztCCRVlUueA1kCXhARGk6g==}
    engines: {node: ^20.19.0 || >=22.12.0}
    hasBin: true

  scheduler@0.27.0:
    resolution: {integrity: sha512-eNv+WrVbKu1f3vbYJT/xtiF5syA5HPIMtf9IgY/nKg0sWqzAUEvqY/xm7OcZc/qafLx/iO9FgOmeSAp4v5ti/Q==}

  signal-exit@4.1.0:
    resolution: {integrity: sha512-bzyZ1e88w9O1iNJbKnOlvYTrWPDl46O1bG0D3XInv+9tkPrxrN8jUUTiFlDkkmKWgn1M6CfIA13SuGqOa9Korw==}
    engines: {node: '>=14'}

  slice-ansi@7.1.2:
    resolution: {integrity: sha512-iOBWFgUX7caIZiuutICxVgX1SdxwAVFFKwt1EvMYYec/NWO5meOJ6K5uQxhrYBdQJne4KxiqZc+KptFOWFSI9w==}
    engines: {node: '>=18'}

  source-map-js@1.2.1:
    resolution: {integrity: sha512-UXWMKhLOwVKb728IUtQPXxfYU+usdybtUrK/8uGE8CQMvrhOpwvzDBwj0QhSL7MQc7vIsISBG8VQ8+IDQxpfQA==}
    engines: {node: '>=0.10.0'}

  string-argv@0.3.2:
    resolution: {integrity: sha512-aqD2Q0144Z+/RqG52NeHEkZauTAUWJO8c6yTftGJKO3Tja5tUgIfmIl6kExvhtxSDP7fXB6DvzkfMpCd/F3G+Q==}
    engines: {node: '>=0.6.19'}

  string-width@7.2.0:
    resolution: {integrity: sha512-tsaTIkKW9b4N+AEj+SVA+WhJzV7/zMhcSu78mLKWSk7cXMOSHsBKFWUs0fWwq8QyK3MgJBQRX6Gbi4kYbdvGkQ==}
    engines: {node: '>=18'}

  string-width@8.1.0:
    resolution: {integrity: sha512-Kxl3KJGb/gxkaUMOjRsQ8IrXiGW75O4E3RPjFIINOVH8AMl2SQ/yWdTzWwF3FevIX9LcMAjJW+GRwAlAbTSXdg==}
    engines: {node: '>=20'}

  strip-ansi@7.1.2:
    resolution: {integrity: sha512-gmBGslpoQJtgnMAvOVqGZpEz9dyoKTCzy2nfz/n8aIFhN/jCE/rCmcxabB6jOOHV+0WNnylOxaxBQPSvcWklhA==}
    engines: {node: '>=12'}

  tinyglobby@0.2.16:
    resolution: {integrity: sha512-pn99VhoACYR8nFHhxqix+uvsbXineAasWm5ojXoN8xEwK5Kd3/TrhNn1wByuD52UxWRLy8pu+kRMniEi6Eq9Zg==}
    engines: {node: '>=12.0.0'}

  to-regex-range@5.0.1:
    resolution: {integrity: sha512-65P7iz6X5yEr1cwcgvQxbbIw7Uk3gOy5dIdtZ4rDveLqhrdJP+Li/Hx6tyK0NEb+2GCyneCMJiGqrADCSNk8sQ==}
    engines: {node: '>=8.0'}

  tslib@2.8.1:
    resolution: {integrity: sha512-oJFu94HQb+KVduSUQL7wnpmqnfmLsOA/nAh6b6EH0wCEoK0/mPeXU6c3wKDV83MkOuHPRHtSXKKU99IBazS/2w==}

  tsx@4.21.0:
    resolution: {integrity: sha512-5C1sg4USs1lfG0GFb2RLXsdpXqBSEhAaA/0kPL01wxzpMqLILNxIxIOKiILz+cdg/pLnOUxFYOR5yhHU666wbw==}
    engines: {node: '>=18.0.0'}
    hasBin: true

  typanion@3.14.0:
    resolution: {integrity: sha512-ZW/lVMRabETuYCd9O9ZvMhAh8GslSqaUjxmK/JLPCh6l73CvLBiuXswj/+7LdnWOgYsQ130FqLzFz5aGT4I3Ug==}

  typescript@5.9.3:
    resolution: {integrity: sha512-jl1vZzPDinLr9eUt3J/t7V6FgNEw9QjvBPdysz9KfQDD41fQrC2Y4vKQdiaUpFT4bXlb1RHhLpp8wtm6M5TgSw==}
    engines: {node: '>=14.17'}
    hasBin: true

  undici-types@6.21.0:
    resolution: {integrity: sha512-iwDZqg0QAGrg9Rav5H4n0M64c3mkR59cJ6wQp+7C4nI0gsmExaedaYLNO44eT4AtBBwjbTiGPMlt2Md0T9H9JQ==}

  vite@8.0.14:
    resolution: {integrity: sha512-s4BJJ+5y1pYL6Otw51FHhVJQhPnuRinKig64g/1+EUNaJsd3gCKdD31IPFvswUgW9/60QT9oFHbZHbQK5imcxw==}
    engines: {node: ^20.19.0 || >=22.12.0}
    hasBin: true
    peerDependencies:
      '@types/node': ^20.19.0 || >=22.12.0
      '@vitejs/devtools': ^0.1.18
      esbuild: ^0.27.0 || ^0.28.0
      jiti: '>=1.21.0'
      less: ^4.0.0
      sass: ^1.70.0
      sass-embedded: ^1.70.0
      stylus: '>=0.54.8'
      sugarss: ^5.0.0
      terser: ^5.16.0
      tsx: ^4.8.1
      yaml: ^2.4.2
    peerDependenciesMeta:
      '@types/node':
        optional: true
      '@vitejs/devtools':
        optional: true
      esbuild:
        optional: true
      jiti:
        optional: true
      less:
        optional: true
      sass:
        optional: true
      sass-embedded:
        optional: true
      stylus:
        optional: true
      sugarss:
        optional: true
      terser:
        optional: true
      tsx:
        optional: true
      yaml:
        optional: true

  wrap-ansi@9.0.2:
    resolution: {integrity: sha512-42AtmgqjV+X1VpdOfyTGOYRi0/zsoLqtXQckTmqTeybT+BDIbM/Guxo7x3pE2vtpr1ok6xRqM9OpBe+Jyoqyww==}
    engines: {node: '>=18'}

  yaml@2.8.2:
    resolution: {integrity: sha512-mplynKqc1C2hTVYxd0PU2xQAc22TI1vShAYGksCCfxbn/dFwnHTNi1bvYsBTkhdUNtGIf5xNOg938rrSSYvS9A==}
    engines: {node: '>= 14.6'}
    hasBin: true

snapshots:

  '@biomejs/biome@2.3.10':
    optionalDependencies:
      '@biomejs/cli-darwin-arm64': 2.3.10
      '@biomejs/cli-darwin-x64': 2.3.10
      '@biomejs/cli-linux-arm64': 2.3.10
      '@biomejs/cli-linux-arm64-musl': 2.3.10
      '@biomejs/cli-linux-x64': 2.3.10
      '@biomejs/cli-linux-x64-musl': 2.3.10
      '@biomejs/cli-win32-arm64': 2.3.10
      '@biomejs/cli-win32-x64': 2.3.10

  '@biomejs/cli-darwin-arm64@2.3.10':
    optional: true

  '@biomejs/cli-darwin-x64@2.3.10':
    optional: true

  '@biomejs/cli-linux-arm64-musl@2.3.10':
    optional: true

  '@biomejs/cli-linux-arm64@2.3.10':
    optional: true

  '@biomejs/cli-linux-x64-musl@2.3.10':
    optional: true

  '@biomejs/cli-linux-x64@2.3.10':
    optional: true

  '@biomejs/cli-win32-arm64@2.3.10':
    optional: true

  '@biomejs/cli-win32-x64@2.3.10':
    optional: true

  '@biomejs/js-api@4.0.0(@biomejs/wasm-nodejs@2.4.7)':
    optionalDependencies:
      '@biomejs/wasm-nodejs': 2.4.7

  '@biomejs/wasm-nodejs@2.4.7': {}

  '@emnapi/core@1.10.0':
    dependencies:
      '@emnapi/wasi-threads': 1.2.1
      tslib: 2.8.1
    optional: true

  '@emnapi/runtime@1.10.0':
    dependencies:
      tslib: 2.8.1
    optional: true

  '@emnapi/wasi-threads@1.2.1':
    dependencies:
      tslib: 2.8.1
    optional: true

  '@esbuild/aix-ppc64@0.27.2':
    optional: true

  '@esbuild/android-arm64@0.27.2':
    optional: true

  '@esbuild/android-arm@0.27.2':
    optional: true

  '@esbuild/android-x64@0.27.2':
    optional: true

  '@esbuild/darwin-arm64@0.27.2':
    optional: true

  '@esbuild/darwin-x64@0.27.2':
    optional: true

  '@esbuild/freebsd-arm64@0.27.2':
    optional: true

  '@esbuild/freebsd-x64@0.27.2':
    optional: true

  '@esbuild/linux-arm64@0.27.2':
    optional: true

  '@esbuild/linux-arm@0.27.2':
    optional: true

  '@esbuild/linux-ia32@0.27.2':
    optional: true

  '@esbuild/linux-loong64@0.27.2':
    optional: true

  '@esbuild/linux-mips64el@0.27.2':
    optional: true

  '@esbuild/linux-ppc64@0.27.2':
    optional: true

  '@esbuild/linux-riscv64@0.27.2':
    optional: true

  '@esbuild/linux-s390x@0.27.2':
    optional: true

  '@esbuild/linux-x64@0.27.2':
    optional: true

  '@esbuild/netbsd-arm64@0.27.2':
    optional: true

  '@esbuild/netbsd-x64@0.27.2':
    optional: true

  '@esbuild/openbsd-arm64@0.27.2':
    optional: true

  '@esbuild/openbsd-x64@0.27.2':
    optional: true

  '@esbuild/openharmony-arm64@0.27.2':
    optional: true

  '@esbuild/sunos-x64@0.27.2':
    optional: true

  '@esbuild/win32-arm64@0.27.2':
    optional: true

  '@esbuild/win32-ia32@0.27.2':
    optional: true

  '@esbuild/win32-x64@0.27.2':
    optional: true

  '@napi-rs/wasm-runtime@1.1.4(@emnapi/core@1.10.0)(@emnapi/runtime@1.10.0)':
    dependencies:
      '@emnapi/core': 1.10.0
      '@emnapi/runtime': 1.10.0
      '@tybys/wasm-util': 0.10.2
    optional: true

  '@oxc-project/types@0.132.0': {}

  '@rolldown/binding-android-arm64@1.0.2':
    optional: true

  '@rolldown/binding-darwin-arm64@1.0.2':
    optional: true

  '@rolldown/binding-darwin-x64@1.0.2':
    optional: true

  '@rolldown/binding-freebsd-x64@1.0.2':
    optional: true

  '@rolldown/binding-linux-arm-gnueabihf@1.0.2':
    optional: true

  '@rolldown/binding-linux-arm64-gnu@1.0.2':
    optional: true

  '@rolldown/binding-linux-arm64-musl@1.0.2':
    optional: true

  '@rolldown/binding-linux-ppc64-gnu@1.0.2':
    optional: true

  '@rolldown/binding-linux-s390x-gnu@1.0.2':
    optional: true

  '@rolldown/binding-linux-x64-gnu@1.0.2':
    optional: true

  '@rolldown/binding-linux-x64-musl@1.0.2':
    optional: true

  '@rolldown/binding-openharmony-arm64@1.0.2':
    optional: true

  '@rolldown/binding-wasm32-wasi@1.0.2':
    dependencies:
      '@emnapi/core': 1.10.0
      '@emnapi/runtime': 1.10.0
      '@napi-rs/wasm-runtime': 1.1.4(@emnapi/core@1.10.0)(@emnapi/runtime@1.10.0)
    optional: true

  '@rolldown/binding-win32-arm64-msvc@1.0.2':
    optional: true

  '@rolldown/binding-win32-x64-msvc@1.0.2':
    optional: true

  '@rolldown/pluginutils@1.0.1': {}

  '@tybys/wasm-util@0.10.2':
    dependencies:
      tslib: 2.8.1
    optional: true

  '@types/lodash-es@4.17.12':
    dependencies:
      '@types/lodash': 4.17.24

  '@types/lodash@4.17.24': {}

  '@types/node@22.19.7':
    dependencies:
      undici-types: 6.21.0

  '@types/react-dom@19.2.3(@types/react@19.2.15)':
    dependencies:
      '@types/react': 19.2.15

  '@types/react@19.2.15':
    dependencies:
      csstype: 3.2.3

  ansi-escapes@7.2.0:
    dependencies:
      environment: 1.1.0

  ansi-regex@6.2.2: {}

  ansi-styles@6.2.3: {}

  braces@3.0.3:
    dependencies:
      fill-range: 7.1.1

  chalk@5.6.2: {}

  cli-cursor@5.0.0:
    dependencies:
      restore-cursor: 5.1.0

  cli-truncate@5.1.1:
    dependencies:
      slice-ansi: 7.1.2
      string-width: 8.1.0

  clipanion@4.0.0-rc.4(typanion@3.14.0):
    dependencies:
      typanion: 3.14.0

  colorette@2.0.20: {}

  commander@14.0.2: {}

  csstype@3.2.3: {}

  detect-libc@2.1.2: {}

  emoji-regex@10.6.0: {}

  environment@1.1.0: {}

  esbuild@0.27.2:
    optionalDependencies:
      '@esbuild/aix-ppc64': 0.27.2
      '@esbuild/android-arm': 0.27.2
      '@esbuild/android-arm64': 0.27.2
      '@esbuild/android-x64': 0.27.2
      '@esbuild/darwin-arm64': 0.27.2
      '@esbuild/darwin-x64': 0.27.2
      '@esbuild/freebsd-arm64': 0.27.2
      '@esbuild/freebsd-x64': 0.27.2
      '@esbuild/linux-arm': 0.27.2
      '@esbuild/linux-arm64': 0.27.2
      '@esbuild/linux-ia32': 0.27.2
      '@esbuild/linux-loong64': 0.27.2
      '@esbuild/linux-mips64el': 0.27.2
      '@esbuild/linux-ppc64': 0.27.2
      '@esbuild/linux-riscv64': 0.27.2
      '@esbuild/linux-s390x': 0.27.2
      '@esbuild/linux-x64': 0.27.2
      '@esbuild/netbsd-arm64': 0.27.2
      '@esbuild/netbsd-x64': 0.27.2
      '@esbuild/openbsd-arm64': 0.27.2
      '@esbuild/openbsd-x64': 0.27.2
      '@esbuild/openharmony-arm64': 0.27.2
      '@esbuild/sunos-x64': 0.27.2
      '@esbuild/win32-arm64': 0.27.2
      '@esbuild/win32-ia32': 0.27.2
      '@esbuild/win32-x64': 0.27.2

  eventemitter3@5.0.1: {}

  fdir@6.5.0(picomatch@4.0.4):
    optionalDependencies:
      picomatch: 4.0.4

  fill-range@7.1.1:
    dependencies:
      to-regex-range: 5.0.1

  fsevents@2.3.3:
    optional: true

  get-east-asian-width@1.4.0: {}

  get-tsconfig@4.13.0:
    dependencies:
      resolve-pkg-maps: 1.0.0

  husky@9.1.7: {}

  is-fullwidth-code-point@5.1.0:
    dependencies:
      get-east-asian-width: 1.4.0

  is-number@7.0.0: {}

  jsonc-parser@3.3.1: {}

  lightningcss-android-arm64@1.32.0:
    optional: true

  lightningcss-darwin-arm64@1.32.0:
    optional: true

  lightningcss-darwin-x64@1.32.0:
    optional: true

  lightningcss-freebsd-x64@1.32.0:
    optional: true

  lightningcss-linux-arm-gnueabihf@1.32.0:
    optional: true

  lightningcss-linux-arm64-gnu@1.32.0:
    optional: true

  lightningcss-linux-arm64-musl@1.32.0:
    optional: true

  lightningcss-linux-x64-gnu@1.32.0:
    optional: true

  lightningcss-linux-x64-musl@1.32.0:
    optional: true

  lightningcss-win32-arm64-msvc@1.32.0:
    optional: true

  lightningcss-win32-x64-msvc@1.32.0:
    optional: true

  lightningcss@1.32.0:
    dependencies:
      detect-libc: 2.1.2
    optionalDependencies:
      lightningcss-android-arm64: 1.32.0
      lightningcss-darwin-arm64: 1.32.0
      lightningcss-darwin-x64: 1.32.0
      lightningcss-freebsd-x64: 1.32.0
      lightningcss-linux-arm-gnueabihf: 1.32.0
      lightningcss-linux-arm64-gnu: 1.32.0
      lightningcss-linux-arm64-musl: 1.32.0
      lightningcss-linux-x64-gnu: 1.32.0
      lightningcss-linux-x64-musl: 1.32.0
      lightningcss-win32-arm64-msvc: 1.32.0
      lightningcss-win32-x64-msvc: 1.32.0

  lint-staged@16.2.7:
    dependencies:
      commander: 14.0.2
      listr2: 9.0.5
      micromatch: 4.0.8
      nano-spawn: 2.0.0
      pidtree: 0.6.0
      string-argv: 0.3.2
      yaml: 2.8.2

  listr2@9.0.5:
    dependencies:
      cli-truncate: 5.1.1
      colorette: 2.0.20
      eventemitter3: 5.0.1
      log-update: 6.1.0
      rfdc: 1.4.1
      wrap-ansi: 9.0.2

  lodash-es@4.17.23: {}

  log-update@6.1.0:
    dependencies:
      ansi-escapes: 7.2.0
      cli-cursor: 5.0.0
      slice-ansi: 7.1.2
      strip-ansi: 7.1.2
      wrap-ansi: 9.0.2

  micromatch@4.0.8:
    dependencies:
      braces: 3.0.3
      picomatch: 2.3.1

  mimic-function@5.0.1: {}

  nano-spawn@2.0.0: {}

  nanoid@3.3.12: {}

  onetime@7.0.0:
    dependencies:
      mimic-function: 5.0.1

  picocolors@1.1.1: {}

  picomatch@2.3.1: {}

  picomatch@4.0.4: {}

  pidtree@0.6.0: {}

  postcss@8.5.15:
    dependencies:
      nanoid: 3.3.12
      picocolors: 1.1.1
      source-map-js: 1.2.1

  react-dom@19.2.6(react@19.2.6):
    dependencies:
      react: 19.2.6
      scheduler: 0.27.0

  react@19.2.6: {}

  resolve-pkg-maps@1.0.0: {}

  restore-cursor@5.1.0:
    dependencies:
      onetime: 7.0.0
      signal-exit: 4.1.0

  rfdc@1.4.1: {}

  rolldown@1.0.2:
    dependencies:
      '@oxc-project/types': 0.132.0
      '@rolldown/pluginutils': 1.0.1
    optionalDependencies:
      '@rolldown/binding-android-arm64': 1.0.2
      '@rolldown/binding-darwin-arm64': 1.0.2
      '@rolldown/binding-darwin-x64': 1.0.2
      '@rolldown/binding-freebsd-x64': 1.0.2
      '@rolldown/binding-linux-arm-gnueabihf': 1.0.2
      '@rolldown/binding-linux-arm64-gnu': 1.0.2
      '@rolldown/binding-linux-arm64-musl': 1.0.2
      '@rolldown/binding-linux-ppc64-gnu': 1.0.2
      '@rolldown/binding-linux-s390x-gnu': 1.0.2
      '@rolldown/binding-linux-x64-gnu': 1.0.2
      '@rolldown/binding-linux-x64-musl': 1.0.2
      '@rolldown/binding-openharmony-arm64': 1.0.2
      '@rolldown/binding-wasm32-wasi': 1.0.2
      '@rolldown/binding-win32-arm64-msvc': 1.0.2
      '@rolldown/binding-win32-x64-msvc': 1.0.2

  scheduler@0.27.0: {}

  signal-exit@4.1.0: {}

  slice-ansi@7.1.2:
    dependencies:
      ansi-styles: 6.2.3
      is-fullwidth-code-point: 5.1.0

  source-map-js@1.2.1: {}

  string-argv@0.3.2: {}

  string-width@7.2.0:
    dependencies:
      emoji-regex: 10.6.0
      get-east-asian-width: 1.4.0
      strip-ansi: 7.1.2

  string-width@8.1.0:
    dependencies:
      get-east-asian-width: 1.4.0
      strip-ansi: 7.1.2

  strip-ansi@7.1.2:
    dependencies:
      ansi-regex: 6.2.2

  tinyglobby@0.2.16:
    dependencies:
      fdir: 6.5.0(picomatch@4.0.4)
      picomatch: 4.0.4

  to-regex-range@5.0.1:
    dependencies:
      is-number: 7.0.0

  tslib@2.8.1:
    optional: true

  tsx@4.21.0:
    dependencies:
      esbuild: 0.27.2
      get-tsconfig: 4.13.0
    optionalDependencies:
      fsevents: 2.3.3

  typanion@3.14.0: {}

  typescript@5.9.3: {}

  undici-types@6.21.0: {}

  vite@8.0.14(@types/node@22.19.7)(esbuild@0.27.2)(tsx@4.21.0)(yaml@2.8.2):
    dependencies:
      lightningcss: 1.32.0
      picomatch: 4.0.4
      postcss: 8.5.15
      rolldown: 1.0.2
      tinyglobby: 0.2.16
    optionalDependencies:
      '@types/node': 22.19.7
      esbuild: 0.27.2
      fsevents: 2.3.3
      tsx: 4.21.0
      yaml: 2.8.2

  wrap-ansi@9.0.2:
    dependencies:
      ansi-styles: 6.2.3
      string-width: 7.2.0
      strip-ansi: 7.1.2

  yaml@2.8.2: {}
